// !$*UTF8*$!
{
	archiveVersion = 1;
	classes = {
	};
	objectVersion = 50;
	objects = {

/* Begin PBXBuildFile section */
		EAF25C6D2148B84900D94155 /* AppDelegate.swift in Sources */ = {isa = PBXBuildFile; fileRef = EAF25C6C2148B84900D94155 /* AppDelegate.swift */; };
		EAF25C6F2148B84900D94155 /* ViewController.swift in Sources */ = {isa = PBXBuildFile; fileRef = EAF25C6E2148B84900D94155 /* ViewController.swift */; };
		EAF25C722148B84900D94155 /* Main.storyboard in Resources */ = {isa = PBXBuildFile; fileRef = EAF25C702148B84900D94155 /* Main.storyboard */; };
		EAF25C752148B84900D94155 /* WeatherX.xcdatamodeld in Sources */ = {isa = PBXBuildFile; fileRef = EAF25C732148B84900D94155 /* WeatherX.xcdatamodeld */; };
		EAF25C772148B84B00D94155 /* Assets.xcassets in Resources */ = {isa = PBXBuildFile; fileRef = EAF25C762148B84B00D94155 /* Assets.xcassets */; };
		EAF25C7A2148B84B00D94155 /* LaunchScreen.storyboard in Resources */ = {isa = PBXBuildFile; fileRef = EAF25C782148B84B00D94155 /* LaunchScreen.storyboard */; };
/* End PBXBuildFile section */

/* Begin PBXFileReference section */
		EAF25C692148B84900D94155 /* WeatherX.app */ = {isa = PBXFileReference; explicitFileType = wrapper.application; includeInIndex = 0; path = WeatherX.app; sourceTree = BUILT_PRODUCTS_DIR; };
		EAF25C6C2148B84900D94155 /* AppDelegate.swift */ = {isa = PBXFileReference; lastKnownFileType = sourcecode.swift; path = AppDelegate.swift; sourceTree = "<group>"; };
		EAF25C6E2148B84900D94155 /* ViewController.swift */ = {isa = PBXFileReference; lastKnownFileType = sourcecode.swift; path = ViewController.swift; sourceTree = "<group>"; };
		EAF25C712148B84900D94155 /* Base */ = {isa = PBXFileReference; lastKnownFileType = file.storyboard; name = Base; path = Base.lproj/Main.storyboard; sourceTree = "<group>"; };
		EAF25C742148B84900D94155 /* WeatherX.xcdatamodel */ = {isa = PBXFileReference; lastKnownFileType = wrapper.xcdatamodel; path = WeatherX.xcdatamodel; sourceTree = "<group>"; };
		EAF25C762148B84B00D94155 /* Assets.xcassets */ = {isa = PBXFileReference; lastKnownFileType = folder.assetcatalog; path = Assets.xcassets; sourceTree = "<group>"; };
		EAF25C792148B84B00D94155 /* Base */ = {isa = PBXFileReference; lastKnownFileType = file.storyboard; name = Base; path = Base.lproj/LaunchScreen.storyboard; sourceTree = "<group>"; };
		EAF25C7B2148B84B00D94155 /* Info.plist */ = {isa = PBXFileReference; lastKnownFileType = text.plist.xml; path = Info.plist; sourceTree = "<group>"; };
/* End PBXFileReference section */

/* Begin PBXFrameworksBuildPhase section */
		EAF25C662148B84900D94155 /* Frameworks */ = {
			isa = PBXFrameworksBuildPhase;
			buildActionMask = 2147483647;
			files = (
			);
			runOnlyForDeploymentPostprocessing = 0;
		};
/* End PBXFrameworksBuildPhase section */

/* Begin PBXGroup section */
		EAF25C602148B84900D94155 = {
			isa = PBXGroup;
			children = (
				EAF25C6B2148B84900D94155 /* WeatherX */,
				EAF25C6A2148B84900D94155 /* Products */,
			);
			sourceTree = "<group>";
		};
		EAF25C6A2148B84900D94155 /* Products */ = {
			isa = PBXGroup;
			children = (
				EAF25C692148B84900D94155 /* WeatherX.app */,
			);
			name = Products;
			sourceTree = "<group>";
		};
		EAF25C6B2148B84900D94155 /* WeatherX */ = {
			isa = PBXGroup;
			children = (
				EAF25C6C2148B84900D94155 /* AppDelegate.swift */,
				EAF25C6E2148B84900D94155 /* ViewController.swift */,
				EAF25C702148B84900D94155 /* Main.storyboard */,
				EAF25C762148B84B00D94155 /* Assets.xcassets */,
				EAF25C782148B84B00D94155 /* LaunchScreen.storyboard */,
				EAF25C7B2148B84B00D94155 /* Info.plist */,
				EAF25C732148B84900D94155 /* WeatherX.xcdatamodeld */,
			);
			path = WeatherX;
			sourceTree = "<group>";
		};
/* End PBXGroup section */

/* Begin PBXNativeTarget section */
		EAF25C682148B84900D94155 /* WeatherX */ = {
			isa = PBXNativeTarget;
			buildConfigurationList = EAF25C7E2148B84B00D94155 /* Build configuration list for PBXNativeTarget "WeatherX" */;
			buildPhases = (
				EAF25C652148B84900D94155 /* Sources */,
				EAF25C662148B84900D94155 /* Frameworks */,
				EAF25C672148B84900D94155 /* Resources */,
			);
			buildRules = (
			);
			dependencies = (
			);
			name = WeatherX;
			productName = WeatherX;
			productReference = EAF25C692148B84900D94155 /* WeatherX.app */;
			productType = "com.apple.product-type.application";
		};
/* End PBXNativeTarget section */

/* Begin PBXProject section */
		EAF25C612148B84900D94155 /* Project object */ = {
			isa = PBXProject;
			attributes = {
				LastSwiftUpdateCheck = 1000;
				LastUpgradeCheck = 1000;
				ORGANIZATIONNAME = "Vu Duong";
				TargetAttributes = {
					EAF25C682148B84900D94155 = {
						CreatedOnToolsVersion = 10.0;
					};
				};
			};
			buildConfigurationList = EAF25C642148B84900D94155 /* Build configuration list for PBXProject "WeatherX" */;
			compatibilityVersion = "Xcode 9.3";
			developmentRegion = en;
			hasScannedForEncodings = 0;
			knownRegions = (
				en,
				Base,
			);
			mainGroup = EAF25C602148B84900D94155;
			productRefGroup = EAF25C6A2148B84900D94155 /* Products */;
			projectDirPath = "";
			projectRoot = "";
			targets = (
				EAF25C682148B84900D94155 /* WeatherX */,
			);
		};
/* End PBXProject section */

/* Begin PBXResourcesBuildPhase section */
		EAF25C672148B84900D94155 /* Resources */ = {
			isa = PBXResourcesBuildPhase;
			buildActionMask = 2147483647;
			files = (
				EAF25C7A2148B84B00D94155 /* LaunchScreen.storyboard in Resources */,
				EAF25C772148B84B00D94155 /* Assets.xcassets in Resources */,
				EAF25C722148B84900D94155 /* Main.storyboard in Resources */,
			);
			runOnlyForDeploymentPostprocessing = 0;
		};
/* End PBXResourcesBuildPhase section */

/* Begin PBXSourcesBuildPhase section */
		EAF25C652148B84900D94155 /* Sources */ = {
			isa = PBXSourcesBuildPhase;
			buildActionMask = 2147483647;
			files = (
				EAF25C6F2148B84900D94155 /* ViewController.swift in Sources */,
				EAF25C752148B84900D94155 /* WeatherX.xcdatamodeld in Sources */,
				EAF25C6D2148B84900D94155 /* AppDelegate.swift in Sources */,
			);
			runOnlyForDeploymentPostprocessing = 0;
		};
/* End PBXSourcesBuildPhase section */

/* Begin PBXVariantGroup section */
		EAF25C702148B84900D94155 /* Main.storyboard */ = {
			isa = PBXVariantGroup;
			children = (
				EAF25C712148B84900D94155 /* Base */,
			);
			name = Main.storyboard;
			sourceTree = "<group>";
		};
		EAF25C782148B84B00D94155 /* LaunchScreen.storyboard */ = {
			isa = PBXVariantGroup;
			children = (
				EAF25C792148B84B00D94155 /* Base */,
			);
			name = LaunchScreen.storyboard;
			sourceTree = "<group>";
		};
/* End PBXVariantGroup section */

/* Begin XCBuildConfiguration section */
		EAF25C7C2148B84B00D94155 /* Debug */ = {
			isa = XCBuildConfiguration;
			buildSettings = {
				ALWAYS_SEARCH_USER_PATHS = NO;
				CLANG_ANALYZER_NONNULL = YES;
				CLANG_ANALYZER_NUMBER_OBJECT_CONVERSION = YES_AGGRESSIVE;
				CLANG_CXX_LANGUAGE_STANDARD = "gnu++14";
				CLANG_CXX_LIBRARY = "libc++";
				CLANG_ENABLE_MODULES = YES;
				CLANG_ENABLE_OBJC_ARC = YES;
				CLANG_ENABLE_OBJC_WEAK = YES;
				CLANG_WARN_BLOCK_CAPTURE_AUTORELEASING = YES;
				CLANG_WARN_BOOL_CONVERSION = YES;
				CLANG_WARN_COMMA = YES;
				CLANG_WARN_CONSTANT_CONVERSION = YES;
				CLANG_WARN_DEPRECATED_OBJC_IMPLEMENTATIONS = YES;
				CLANG_WARN_DIRECT_OBJC_ISA_USAGE = YES_ERROR;
				CLANG_WARN_DOCUMENTATION_COMMENTS = YES;
				CLANG_WARN_EMPTY_BODY = YES;
				CLANG_WARN_ENUM_CONVERSION = YES;
				CLANG_WARN_INFINITE_RECURSION = YES;
				CLANG_WARN_INT_CONVERSION = YES;
				CLANG_WARN_NON_LITERAL_NULL_CONVERSION = YES;
				CLANG_WARN_OBJC_IMPLICIT_RETAIN_SELF = YES;
				CLANG_WARN_OBJC_LITERAL_CONVERSION = YES;
				CLANG_WARN_OBJC_ROOT_CLASS = YES_ERROR;
				CLANG_WARN_RANGE_LOOP_ANALYSIS = YES;
				CLANG_WARN_STRICT_PROTOTYPES = YES;
				CLANG_WARN_SUSPICIOUS_MOVE = YES;
				CLANG_WARN_UNGUARDED_AVAILABILITY = YES_AGGRESSIVE;
				CLANG_WARN_UNREACHABLE_CODE = YES;
				CLANG_WARN__DUPLICATE_METHOD_MATCH = YES;
				CODE_SIGN_IDENTITY = "iPhone Developer";
				COPY_PHASE_STRIP = NO;
				DEBUG_INFORMATION_FORMAT = dwarf;
				ENABLE_STRICT_OBJC_MSGSEND = YES;
				ENABLE_TESTABILITY = YES;
				GCC_C_LANGUAGE_STANDARD = gnu11;
				GCC_DYNAMIC_NO_PIC = NO;
				GCC_NO_COMMON_BLOCKS = YES;
				GCC_OPTIMIZATION_LEVEL = 0;
				GCC_PREPROCESSOR_DEFINITIONS = (
					"DEBUG=1",
					"$(inherited)",
				);
				GCC_WARN_64_TO_32_BIT_CONVERSION = YES;
				GCC_WARN_ABOUT_RETURN_TYPE = YES_ERROR;
				GCC_WARN_UNDECLARED_SELECTOR = YES;
				GCC_WARN_UNINITIALIZED_AUTOS = YES_AGGRESSIVE;
				GCC_WARN_UNUSED_FUNCTION = YES;
				GCC_WARN_UNUSED_VARIABLE = YES;
				IPHONEOS_DEPLOYMENT_TARGET = 12.0;
				MTL_ENABLE_DEBUG_INFO = INCLUDE_SOURCE;
				MTL_FAST_MATH = YES;
				ONLY_ACTIVE_ARCH = YES;
				SDKROOT = iphoneos;
				SWIFT_ACTIVE_COMPILATION_CONDITIONS = DEBUG;
				SWIFT_OPTIMIZATION_LEVEL = "-Onone";
			};
			name = Debug;
		};
		EAF25C7D2148B84B00D94155 /* Release */ = {
			isa = XCBuildConfiguration;
			buildSettings = {
				ALWAYS_SEARCH_USER_PATHS = NO;
				CLANG_ANALYZER_NONNULL = YES;
				CLANG_ANALYZER_NUMBER_OBJECT_CONVERSION = YES_AGGRESSIVE;
				CLANG_CXX_LANGUAGE_STANDARD = "gnu++14";
				CLANG_CXX_LIBRARY = "libc++";
				CLANG_ENABLE_MODULES = YES;
				CLANG_ENABLE_OBJC_ARC = YES;
				CLANG_ENABLE_OBJC_WEAK = YES;
				CLANG_WARN_BLOCK_CAPTURE_AUTORELEASING = YES;
				CLANG_WARN_BOOL_CONVERSION = YES;
				CLANG_WARN_COMMA = YES;
				CLANG_WARN_CONSTANT_CONVERSION = YES;
				CLANG_WARN_DEPRECATED_OBJC_IMPLEMENTATIONS = YES;
				CLANG_WARN_DIRECT_OBJC_ISA_USAGE = YES_ERROR;
				CLANG_WARN_DOCUMENTATION_COMMENTS = YES;
				CLANG_WARN_EMPTY_BODY = YES;
				CLANG_WARN_ENUM_CONVERSION = YES;
				CLANG_WARN_INFINITE_RECURSION = YES;
				CLANG_WARN_INT_CONVERSION = YES;
				CLANG_WARN_NON_LITERAL_NULL_CONVERSION = YES;
				CLANG_WARN_OBJC_IMPLICIT_RETAIN_SELF = YES;
				CLANG_WARN_OBJC_LITERAL_CONVERSION = YES;
				CLANG_WARN_OBJC_ROOT_CLASS = YES_ERROR;
				CLANG_WARN_RANGE_LOOP_ANALYSIS = YES;
				CLANG_WARN_STRICT_PROTOTYPES = YES;
				CLANG_WARN_SUSPICIOUS_MOVE = YES;
				CLANG_WARN_UNGUARDED_AVAILABILITY = YES_AGGRESSIVE;
				CLANG_WARN_UNREACHABLE_CODE = YES;
				CLANG_WARN__DUPLICATE_METHOD_MATCH = YES;
				CODE_SIGN_IDENTITY = "iPhone Developer";
				COPY_PHASE_STRIP = NO;
				DEBUG_INFORMATION_FORMAT = "dwarf-with-dsym";
				ENABLE_NS_ASSERTIONS = NO;
				ENABLE_STRICT_OBJC_MSGSEND = YES;
				GCC_C_LANGUAGE_STANDARD = gnu11;
				GCC_NO_COMMON_BLOCKS = YES;
				GCC_WARN_64_TO_32_BIT_CONVERSION = YES;
				GCC_WARN_ABOUT_RETURN_TYPE = YES_ERROR;
				GCC_WARN_UNDECLARED_SELECTOR = YES;
				GCC_WARN_UNINITIALIZED_AUTOS = YES_AGGRESSIVE;
				GCC_WARN_UNUSED_FUNCTION = YES;
				GCC_WARN_UNUSED_VARIABLE = YES;
				IPHONEOS_DEPLOYMENT_TARGET = 12.0;
				MTL_ENABLE_DEBUG_INFO = NO;
				MTL_FAST_MATH = YES;
				SDKROOT = iphoneos;
				SWIFT_COMPILATION_MODE = wholemodule;
				SWIFT_OPTIMIZATION_LEVEL = "-O";
				VALIDATE_PRODUCT = YES;
			};
			name = Release;
		};
		EAF25C7F2148B84B00D94155 /* Debug */ = {
			isa = XCBuildConfiguration;
			buildSettings = {
				ASSETCATALOG_COMPILER_APPICON_NAME = AppIcon;
				CODE_SIGN_STYLE = Automatic;
				DEVELOPMENT_TEAM = SL2PQN527J;
				INFOPLIST_FILE = WeatherX/Info.plist;
				LD_RUNPATH_SEARCH_PATHS = (
					"$(inherited)",
					"@executable_path/Frameworks",
				);
				PRODUCT_BUNDLE_IDENTIFIER = com.vuduong.WeatherX;
				PRODUCT_NAME = "$(TARGET_NAME)";
				SWIFT_VERSION = 4.2;
				TARGETED_DEVICE_FAMILY = "1,2";
			};
			name = Debug;
		};
		EAF25C802148B84B00D94155 /* Release */ = {
			isa = XCBuildConfiguration;
			buildSettings = {
				ASSETCATALOG_COMPILER_APPICON_NAME = AppIcon;
				CODE_SIGN_STYLE = Automatic;
				DEVELOPMENT_TEAM = SL2PQN527J;
				INFOPLIST_FILE = WeatherX/Info.plist;
				LD_RUNPATH_SEARCH_PATHS = (
					"$(inherited)",
					"@executable_path/Frameworks",
				);
				PRODUCT_BUNDLE_IDENTIFIER = com.vuduong.WeatherX;
				PRODUCT_NAME = "$(TARGET_NAME)";
				SWIFT_VERSION = 4.2;
				TARGETED_DEVICE_FAMILY = "1,2";
			};
			name = Release;
		};
/* End XCBuildConfiguration section */

/* Begin XCConfigurationList section */
		EAF25C642148B84900D94155 /* Build configuration list for PBXProject "WeatherX" */ = {
			isa = XCConfigurationList;
			buildConfigurations = (
				EAF25C7C2148B84B00D94155 /* Debug */,
				EAF25C7D2148B84B00D94155 /* Release */,
			);
			defaultConfigurationIsVisible = 0;
			defaultConfigurationName = Release;
		};
		EAF25C7E2148B84B00D94155 /* Build configuration list for PBXNativeTarget "WeatherX" */ = {
			isa = XCConfigurationList;
			buildConfigurations = (
				EAF25C7F2148B84B00D94155 /* Debug */,
				EAF25C802148B84B00D94155 /* Release */,
			);
			defaultConfigurationIsVisible = 0;
			defaultConfigurationName = Release;
		};
/* End XCConfigurationList section */

/* Begin XCVersionGroup section */
		EAF25C732148B84900D94155 /* WeatherX.xcdatamodeld */ = {
			isa = XCVersionGroup;
			children = (
				EAF25C742148B84900D94155 /* WeatherX.xcdatamodel */,
			);
			currentVersion = EAF25C742148B84900D94155 /* WeatherX.xcdatamodel */;
			path = WeatherX.xcdatamodeld;
			sourceTree = "<group>";
			versionGroupType = wrapper.xcdatamodel;
		};
/* End XCVersionGroup section */
	};
	rootObject = EAF25C612148B84900D94155 /* Project object */;
}
